
Microsoft Visual Studio Solution File, Format Version 12.00
# Visual Studio Version 17
VisualStudioVersion = 17.11.35222.181
MinimumVisualStudioVersion = 10.0.40219.1
Project("{FAE04EC0-301F-11D3-BF4B-00C04F79EFBC}") = "購物金額", "購物金額\購物金額.csproj", "{5A6B3F5D-74F6-4B5F-A1AD-BF8F40445732}"
EndProject
Global
	GlobalSection(SolutionConfigurationPlatforms) = preSolution
		Debug|Any CPU = Debug|Any CPU
		Release|Any CPU = Release|Any CPU
	EndGlobalSection
	GlobalSection(ProjectConfigurationPlatforms) = postSolution
		{5A6B3F5D-74F6-4B5F-A1AD-BF8F40445732}.Debug|Any CPU.ActiveCfg = Debug|Any CPU
		{5A6B3F5D-74F6-4B5F-A1AD-BF8F40445732}.Debug|Any CPU.Build.0 = Debug|Any CPU
		{5A6B3F5D-74F6-4B5F-A1AD-BF8F40445732}.Release|Any CPU.ActiveCfg = Release|Any CPU
		{5A6B3F5D-74F6-4B5F-A1AD-BF8F40445732}.Release|Any CPU.Build.0 = Release|Any CPU
	EndGlobalSection
	GlobalSection(SolutionProperties) = preSolution
		HideSolutionNode = FALSE
	EndGlobalSection
	GlobalSection(ExtensibilityGlobals) = postSolution
		SolutionGuid = {743A3E0F-A0A5-4714-B846-0FEBBABE38D2}
	EndGlobalSection
EndGlobal
