
Microsoft Visual Studio Solution File, Format Version 12.00
# Visual Studio Version 17
VisualStudioVersion = 17.11.35222.181
MinimumVisualStudioVersion = 10.0.40219.1
Project("{FAE04EC0-301F-11D3-BF4B-00C04F79EFBC}") = "BacterialGrowth", "BacterialGrowth\BacterialGrowth.csproj", "{CC04C37B-CB68-4A40-BAA9-FFEC0026DD45}"
EndProject
Global
	GlobalSection(SolutionConfigurationPlatforms) = preSolution
		Debug|Any CPU = Debug|Any CPU
		Release|Any CPU = Release|Any CPU
	EndGlobalSection
	GlobalSection(ProjectConfigurationPlatforms) = postSolution
		{CC04C37B-CB68-4A40-BAA9-FFEC0026DD45}.Debug|Any CPU.ActiveCfg = Debug|Any CPU
		{CC04C37B-CB68-4A40-BAA9-FFEC0026DD45}.Debug|Any CPU.Build.0 = Debug|Any CPU
		{CC04C37B-CB68-4A40-BAA9-FFEC0026DD45}.Release|Any CPU.ActiveCfg = Release|Any CPU
		{CC04C37B-CB68-4A40-BAA9-FFEC0026DD45}.Release|Any CPU.Build.0 = Release|Any CPU
	EndGlobalSection
	GlobalSection(SolutionProperties) = preSolution
		HideSolutionNode = FALSE
	EndGlobalSection
	GlobalSection(ExtensibilityGlobals) = postSolution
		SolutionGuid = {355D0DA1-E004-4863-BB91-C3D2937D9FBC}
	EndGlobalSection
EndGlobal
