
Microsoft Visual Studio Solution File, Format Version 12.00
# Visual Studio Version 17
VisualStudioVersion = 17.11.35208.52
MinimumVisualStudioVersion = 10.0.40219.1
Project("{FAE04EC0-301F-11D3-BF4B-00C04F79EFBC}") = "chatbox", "chatbox\chatbox.csproj", "{7CD09289-1A3E-4226-B7B4-C30CA023C541}"
EndProject
Global
	GlobalSection(SolutionConfigurationPlatforms) = preSolution
		Debug|Any CPU = Debug|Any CPU
		Release|Any CPU = Release|Any CPU
	EndGlobalSection
	GlobalSection(ProjectConfigurationPlatforms) = postSolution
		{7CD09289-1A3E-4226-B7B4-C30CA023C541}.Debug|Any CPU.ActiveCfg = Debug|Any CPU
		{7CD09289-1A3E-4226-B7B4-C30CA023C541}.Debug|Any CPU.Build.0 = Debug|Any CPU
		{7CD09289-1A3E-4226-B7B4-C30CA023C541}.Release|Any CPU.ActiveCfg = Release|Any CPU
		{7CD09289-1A3E-4226-B7B4-C30CA023C541}.Release|Any CPU.Build.0 = Release|Any CPU
	EndGlobalSection
	GlobalSection(SolutionProperties) = preSolution
		HideSolutionNode = FALSE
	EndGlobalSection
	GlobalSection(ExtensibilityGlobals) = postSolution
		SolutionGuid = {DE9C77BA-75C1-49C5-86C7-CD9886CF6F4A}
	EndGlobalSection
EndGlobal
